
Microsoft Visual Studio Solution File, Format Version 12.00
# Visual Studio Version 16
VisualStudioVersion = 16.0.30413.136
MinimumVisualStudioVersion = 10.0.40219.1
Project("{9A19103F-16F7-4668-BE54-9A1E7A4F7556}") = "GuessTheNumber", "GuessTheNumber\GuessTheNumber.csproj", "{7E65FB8E-0EDC-4E61-9BAA-29738D6373E9}"
EndProject
Project("{FAE04EC0-301F-11D3-BF4B-00C04F79EFBC}") = "GuessTheNumber.Tests", "GuessTheNumber.Tests\GuessTheNumber.Tests.csproj", "{3F8F1692-B0B4-4876-9726-7213C9C939B2}"
EndProject
Global
	GlobalSection(SolutionConfigurationPlatforms) = preSolution
		Debug|Any CPU = Debug|Any CPU
		Release|Any CPU = Release|Any CPU
	EndGlobalSection
	GlobalSection(ProjectConfigurationPlatforms) = postSolution
		{7E65FB8E-0EDC-4E61-9BAA-29738D6373E9}.Debug|Any CPU.ActiveCfg = Debug|Any CPU
		{7E65FB8E-0EDC-4E61-9BAA-29738D6373E9}.Debug|Any CPU.Build.0 = Debug|Any CPU
		{7E65FB8E-0EDC-4E61-9BAA-29738D6373E9}.Release|Any CPU.ActiveCfg = Release|Any CPU
		{7E65FB8E-0EDC-4E61-9BAA-29738D6373E9}.Release|Any CPU.Build.0 = Release|Any CPU
		{3F8F1692-B0B4-4876-9726-7213C9C939B2}.Debug|Any CPU.ActiveCfg = Debug|Any CPU
		{3F8F1692-B0B4-4876-9726-7213C9C939B2}.Debug|Any CPU.Build.0 = Debug|Any CPU
		{3F8F1692-B0B4-4876-9726-7213C9C939B2}.Release|Any CPU.ActiveCfg = Release|Any CPU
		{3F8F1692-B0B4-4876-9726-7213C9C939B2}.Release|Any CPU.Build.0 = Release|Any CPU
	EndGlobalSection
	GlobalSection(SolutionProperties) = preSolution
		HideSolutionNode = FALSE
	EndGlobalSection
	GlobalSection(ExtensibilityGlobals) = postSolution
		SolutionGuid = {2A033FC6-F573-4CAC-A1FA-C7704C8025A0}
	EndGlobalSection
EndGlobal
